
Microsoft Visual Studio Solution File, Format Version 12.00
# Visual Studio Version 17
VisualStudioVersion = 17.0.32014.148
MinimumVisualStudioVersion = 10.0.40219.1
Project("{FAE04EC0-301F-11D3-BF4B-00C04F79EFBC}") = "FarmManagement", "FarmManagement\FarmManagement.csproj", "{2CB54640-EE64-4B42-9EC7-3ED8B184FED4}"
EndProject
Global
	GlobalSection(SolutionConfigurationPlatforms) = preSolution
		Debug|Any CPU = Debug|Any CPU
		Release|Any CPU = Release|Any CPU
	EndGlobalSection
	GlobalSection(ProjectConfigurationPlatforms) = postSolution
		{2CB54640-EE64-4B42-9EC7-3ED8B184FED4}.Debug|Any CPU.ActiveCfg = Debug|Any CPU
		{2CB54640-EE64-4B42-9EC7-3ED8B184FED4}.Debug|Any CPU.Build.0 = Debug|Any CPU
		{2CB54640-EE64-4B42-9EC7-3ED8B184FED4}.Release|Any CPU.ActiveCfg = Release|Any CPU
		{2CB54640-EE64-4B42-9EC7-3ED8B184FED4}.Release|Any CPU.Build.0 = Release|Any CPU
	EndGlobalSection
	GlobalSection(SolutionProperties) = preSolution
		HideSolutionNode = FALSE
	EndGlobalSection
	GlobalSection(ExtensibilityGlobals) = postSolution
		SolutionGuid = {5256AE7F-FB2B-4D50-B3A5-1AAD76665A24}
	EndGlobalSection
EndGlobal
